// !$*UTF8*$!
{
	archiveVersion = 1;
	classes = {
	};
	objectVersion = 55;
	objects = {

/* Begin PBXBuildFile section */
		82382A3C28CEE95600F78274 /* JobData.swift in Sources */ = {isa = PBXBuildFile; fileRef = 82382A3B28CEE95600F78274 /* JobData.swift */; };
		823F184928CF808100EDBB6E /* WebView.swift in Sources */ = {isa = PBXBuildFile; fileRef = 823F184828CF808100EDBB6E /* WebView.swift */; };
		823F184B28CF80AE00EDBB6E /* DetailView.swift in Sources */ = {isa = PBXBuildFile; fileRef = 823F184A28CF80AE00EDBB6E /* DetailView.swift */; };
		82D267B228CE3A0800A9A941 /* HeckerJobzApp.swift in Sources */ = {isa = PBXBuildFile; fileRef = 82D267B128CE3A0800A9A941 /* HeckerJobzApp.swift */; };
		82D267B428CE3A0800A9A941 /* ContentView.swift in Sources */ = {isa = PBXBuildFile; fileRef = 82D267B328CE3A0800A9A941 /* ContentView.swift */; };
		82D267B628CE3A0A00A9A941 /* Assets.xcassets in Resources */ = {isa = PBXBuildFile; fileRef = 82D267B528CE3A0A00A9A941 /* Assets.xcassets */; };
		82D267B928CE3A0A00A9A941 /* Preview Assets.xcassets in Resources */ = {isa = PBXBuildFile; fileRef = 82D267B828CE3A0A00A9A941 /* Preview Assets.xcassets */; };
		82D267C228CE525E00A9A941 /* NetworkManager.swift in Sources */ = {isa = PBXBuildFile; fileRef = 82D267C128CE525E00A9A941 /* NetworkManager.swift */; };
/* End PBXBuildFile section */

/* Begin PBXFileReference section */
		82382A3B28CEE95600F78274 /* JobData.swift */ = {isa = PBXFileReference; lastKnownFileType = sourcecode.swift; path = JobData.swift; sourceTree = "<group>"; };
		823F184828CF808100EDBB6E /* WebView.swift */ = {isa = PBXFileReference; lastKnownFileType = sourcecode.swift; path = WebView.swift; sourceTree = "<group>"; };
		823F184A28CF80AE00EDBB6E /* DetailView.swift */ = {isa = PBXFileReference; lastKnownFileType = sourcecode.swift; path = DetailView.swift; sourceTree = "<group>"; };
		823F184C28CF81B200EDBB6E /* README.md */ = {isa = PBXFileReference; lastKnownFileType = net.daringfireball.markdown; path = README.md; sourceTree = "<group>"; };
		82D267AE28CE3A0800A9A941 /* HeckerJobz.app */ = {isa = PBXFileReference; explicitFileType = wrapper.application; includeInIndex = 0; path = HeckerJobz.app; sourceTree = BUILT_PRODUCTS_DIR; };
		82D267B128CE3A0800A9A941 /* HeckerJobzApp.swift */ = {isa = PBXFileReference; lastKnownFileType = sourcecode.swift; path = HeckerJobzApp.swift; sourceTree = "<group>"; };
		82D267B328CE3A0800A9A941 /* ContentView.swift */ = {isa = PBXFileReference; lastKnownFileType = sourcecode.swift; path = ContentView.swift; sourceTree = "<group>"; };
		82D267B528CE3A0A00A9A941 /* Assets.xcassets */ = {isa = PBXFileReference; lastKnownFileType = folder.assetcatalog; path = Assets.xcassets; sourceTree = "<group>"; };
		82D267B828CE3A0A00A9A941 /* Preview Assets.xcassets */ = {isa = PBXFileReference; lastKnownFileType = folder.assetcatalog; path = "Preview Assets.xcassets"; sourceTree = "<group>"; };
		82D267C128CE525E00A9A941 /* NetworkManager.swift */ = {isa = PBXFileReference; lastKnownFileType = sourcecode.swift; path = NetworkManager.swift; sourceTree = "<group>"; };
/* End PBXFileReference section */

/* Begin PBXFrameworksBuildPhase section */
		82D267AB28CE3A0800A9A941 /* Frameworks */ = {
			isa = PBXFrameworksBuildPhase;
			buildActionMask = 2147483647;
			files = (
			);
			runOnlyForDeploymentPostprocessing = 0;
		};
/* End PBXFrameworksBuildPhase section */

/* Begin PBXGroup section */
		82D267A528CE3A0800A9A941 = {
			isa = PBXGroup;
			children = (
				823F184C28CF81B200EDBB6E /* README.md */,
				82D267B028CE3A0800A9A941 /* HeckerJobz */,
				82D267AF28CE3A0800A9A941 /* Products */,
			);
			sourceTree = "<group>";
		};
		82D267AF28CE3A0800A9A941 /* Products */ = {
			isa = PBXGroup;
			children = (
				82D267AE28CE3A0800A9A941 /* HeckerJobz.app */,
			);
			name = Products;
			sourceTree = "<group>";
		};
		82D267B028CE3A0800A9A941 /* HeckerJobz */ = {
			isa = PBXGroup;
			children = (
				82D267C028CE3A7300A9A941 /* Models */,
				82D267BF28CE3A6A00A9A941 /* Views */,
				82D267B128CE3A0800A9A941 /* HeckerJobzApp.swift */,
				82D267B528CE3A0A00A9A941 /* Assets.xcassets */,
				82D267B728CE3A0A00A9A941 /* Preview Content */,
			);
			path = HeckerJobz;
			sourceTree = "<group>";
		};
		82D267B728CE3A0A00A9A941 /* Preview Content */ = {
			isa = PBXGroup;
			children = (
				82D267B828CE3A0A00A9A941 /* Preview Assets.xcassets */,
			);
			path = "Preview Content";
			sourceTree = "<group>";
		};
		82D267BF28CE3A6A00A9A941 /* Views */ = {
			isa = PBXGroup;
			children = (
				82D267B328CE3A0800A9A941 /* ContentView.swift */,
				823F184828CF808100EDBB6E /* WebView.swift */,
				823F184A28CF80AE00EDBB6E /* DetailView.swift */,
			);
			path = Views;
			sourceTree = "<group>";
		};
		82D267C028CE3A7300A9A941 /* Models */ = {
			isa = PBXGroup;
			children = (
				82D267C128CE525E00A9A941 /* NetworkManager.swift */,
				82382A3B28CEE95600F78274 /* JobData.swift */,
			);
			path = Models;
			sourceTree = "<group>";
		};
/* End PBXGroup section */

/* Begin PBXNativeTarget section */
		82D267AD28CE3A0800A9A941 /* HeckerJobz */ = {
			isa = PBXNativeTarget;
			buildConfigurationList = 82D267BC28CE3A0A00A9A941 /* Build configuration list for PBXNativeTarget "HeckerJobz" */;
			buildPhases = (
				82D267AA28CE3A0800A9A941 /* Sources */,
				82D267AB28CE3A0800A9A941 /* Frameworks */,
				82D267AC28CE3A0800A9A941 /* Resources */,
			);
			buildRules = (
			);
			dependencies = (
			);
			name = HeckerJobz;
			productName = HeckerJobz;
			productReference = 82D267AE28CE3A0800A9A941 /* HeckerJobz.app */;
			productType = "com.apple.product-type.application";
		};
/* End PBXNativeTarget section */

/* Begin PBXProject section */
		82D267A628CE3A0800A9A941 /* Project object */ = {
			isa = PBXProject;
			attributes = {
				BuildIndependentTargetsInParallel = 1;
				LastSwiftUpdateCheck = 1340;
				LastUpgradeCheck = 1340;
				TargetAttributes = {
					82D267AD28CE3A0800A9A941 = {
						CreatedOnToolsVersion = 13.4.1;
					};
				};
			};
			buildConfigurationList = 82D267A928CE3A0800A9A941 /* Build configuration list for PBXProject "HeckerJobz" */;
			compatibilityVersion = "Xcode 13.0";
			developmentRegion = en;
			hasScannedForEncodings = 0;
			knownRegions = (
				en,
				Base,
			);
			mainGroup = 82D267A528CE3A0800A9A941;
			productRefGroup = 82D267AF28CE3A0800A9A941 /* Products */;
			projectDirPath = "";
			projectRoot = "";
			targets = (
				82D267AD28CE3A0800A9A941 /* HeckerJobz */,
			);
		};
/* End PBXProject section */

/* Begin PBXResourcesBuildPhase section */
		82D267AC28CE3A0800A9A941 /* Resources */ = {
			isa = PBXResourcesBuildPhase;
			buildActionMask = 2147483647;
			files = (
				82D267B928CE3A0A00A9A941 /* Preview Assets.xcassets in Resources */,
				82D267B628CE3A0A00A9A941 /* Assets.xcassets in Resources */,
			);
			runOnlyForDeploymentPostprocessing = 0;
		};
/* End PBXResourcesBuildPhase section */

/* Begin PBXSourcesBuildPhase section */
		82D267AA28CE3A0800A9A941 /* Sources */ = {
			isa = PBXSourcesBuildPhase;
			buildActionMask = 2147483647;
			files = (
				82D267C228CE525E00A9A941 /* NetworkManager.swift in Sources */,
				823F184B28CF80AE00EDBB6E /* DetailView.swift in Sources */,
				823F184928CF808100EDBB6E /* WebView.swift in Sources */,
				82382A3C28CEE95600F78274 /* JobData.swift in Sources */,
				82D267B428CE3A0800A9A941 /* ContentView.swift in Sources */,
				82D267B228CE3A0800A9A941 /* HeckerJobzApp.swift in Sources */,
			);
			runOnlyForDeploymentPostprocessing = 0;
		};
/* End PBXSourcesBuildPhase section */

/* Begin XCBuildConfiguration section */
		82D267BA28CE3A0A00A9A941 /* Debug */ = {
			isa = XCBuildConfiguration;
			buildSettings = {
				ALWAYS_SEARCH_USER_PATHS = NO;
				CLANG_ANALYZER_NONNULL = YES;
				CLANG_ANALYZER_NUMBER_OBJECT_CONVERSION = YES_AGGRESSIVE;
				CLANG_CXX_LANGUAGE_STANDARD = "gnu++17";
				CLANG_ENABLE_MODULES = YES;
				CLANG_ENABLE_OBJC_ARC = YES;
				CLANG_ENABLE_OBJC_WEAK = YES;
				CLANG_WARN_BLOCK_CAPTURE_AUTORELEASING = YES;
				CLANG_WARN_BOOL_CONVERSION = YES;
				CLANG_WARN_COMMA = YES;
				CLANG_WARN_CONSTANT_CONVERSION = YES;
				CLANG_WARN_DEPRECATED_OBJC_IMPLEMENTATIONS = YES;
				CLANG_WARN_DIRECT_OBJC_ISA_USAGE = YES_ERROR;
				CLANG_WARN_DOCUMENTATION_COMMENTS = YES;
				CLANG_WARN_EMPTY_BODY = YES;
				CLANG_WARN_ENUM_CONVERSION = YES;
				CLANG_WARN_INFINITE_RECURSION = YES;
				CLANG_WARN_INT_CONVERSION = YES;
				CLANG_WARN_NON_LITERAL_NULL_CONVERSION = YES;
				CLANG_WARN_OBJC_IMPLICIT_RETAIN_SELF = YES;
				CLANG_WARN_OBJC_LITERAL_CONVERSION = YES;
				CLANG_WARN_OBJC_ROOT_CLASS = YES_ERROR;
				CLANG_WARN_QUOTED_INCLUDE_IN_FRAMEWORK_HEADER = YES;
				CLANG_WARN_RANGE_LOOP_ANALYSIS = YES;
				CLANG_WARN_STRICT_PROTOTYPES = YES;
				CLANG_WARN_SUSPICIOUS_MOVE = YES;
				CLANG_WARN_UNGUARDED_AVAILABILITY = YES_AGGRESSIVE;
				CLANG_WARN_UNREACHABLE_CODE = YES;
				CLANG_WARN__DUPLICATE_METHOD_MATCH = YES;
				COPY_PHASE_STRIP = NO;
				DEBUG_INFORMATION_FORMAT = dwarf;
				ENABLE_STRICT_OBJC_MSGSEND = YES;
				ENABLE_TESTABILITY = YES;
				GCC_C_LANGUAGE_STANDARD = gnu11;
				GCC_DYNAMIC_NO_PIC = NO;
				GCC_NO_COMMON_BLOCKS = YES;
				GCC_OPTIMIZATION_LEVEL = 0;
				GCC_PREPROCESSOR_DEFINITIONS = (
					"DEBUG=1",
					"$(inherited)",
				);
				GCC_WARN_64_TO_32_BIT_CONVERSION = YES;
				GCC_WARN_ABOUT_RETURN_TYPE = YES_ERROR;
				GCC_WARN_UNDECLARED_SELECTOR = YES;
				GCC_WARN_UNINITIALIZED_AUTOS = YES_AGGRESSIVE;
				GCC_WARN_UNUSED_FUNCTION = YES;
				GCC_WARN_UNUSED_VARIABLE = YES;
				IPHONEOS_DEPLOYMENT_TARGET = 15.5;
				MTL_ENABLE_DEBUG_INFO = INCLUDE_SOURCE;
				MTL_FAST_MATH = YES;
				ONLY_ACTIVE_ARCH = YES;
				SDKROOT = iphoneos;
				SWIFT_ACTIVE_COMPILATION_CONDITIONS = DEBUG;
				SWIFT_OPTIMIZATION_LEVEL = "-Onone";
			};
			name = Debug;
		};
		82D267BB28CE3A0A00A9A941 /* Release */ = {
			isa = XCBuildConfiguration;
			buildSettings = {
				ALWAYS_SEARCH_USER_PATHS = NO;
				CLANG_ANALYZER_NONNULL = YES;
				CLANG_ANALYZER_NUMBER_OBJECT_CONVERSION = YES_AGGRESSIVE;
				CLANG_CXX_LANGUAGE_STANDARD = "gnu++17";
				CLANG_ENABLE_MODULES = YES;
				CLANG_ENABLE_OBJC_ARC = YES;
				CLANG_ENABLE_OBJC_WEAK = YES;
				CLANG_WARN_BLOCK_CAPTURE_AUTORELEASING = YES;
				CLANG_WARN_BOOL_CONVERSION = YES;
				CLANG_WARN_COMMA = YES;
				CLANG_WARN_CONSTANT_CONVERSION = YES;
				CLANG_WARN_DEPRECATED_OBJC_IMPLEMENTATIONS = YES;
				CLANG_WARN_DIRECT_OBJC_ISA_USAGE = YES_ERROR;
				CLANG_WARN_DOCUMENTATION_COMMENTS = YES;
				CLANG_WARN_EMPTY_BODY = YES;
				CLANG_WARN_ENUM_CONVERSION = YES;
				CLANG_WARN_INFINITE_RECURSION = YES;
				CLANG_WARN_INT_CONVERSION = YES;
				CLANG_WARN_NON_LITERAL_NULL_CONVERSION = YES;
				CLANG_WARN_OBJC_IMPLICIT_RETAIN_SELF = YES;
				CLANG_WARN_OBJC_LITERAL_CONVERSION = YES;
				CLANG_WARN_OBJC_ROOT_CLASS = YES_ERROR;
				CLANG_WARN_QUOTED_INCLUDE_IN_FRAMEWORK_HEADER = YES;
				CLANG_WARN_RANGE_LOOP_ANALYSIS = YES;
				CLANG_WARN_STRICT_PROTOTYPES = YES;
				CLANG_WARN_SUSPICIOUS_MOVE = YES;
				CLANG_WARN_UNGUARDED_AVAILABILITY = YES_AGGRESSIVE;
				CLANG_WARN_UNREACHABLE_CODE = YES;
				CLANG_WARN__DUPLICATE_METHOD_MATCH = YES;
				COPY_PHASE_STRIP = NO;
				DEBUG_INFORMATION_FORMAT = "dwarf-with-dsym";
				ENABLE_NS_ASSERTIONS = NO;
				ENABLE_STRICT_OBJC_MSGSEND = YES;
				GCC_C_LANGUAGE_STANDARD = gnu11;
				GCC_NO_COMMON_BLOCKS = YES;
				GCC_WARN_64_TO_32_BIT_CONVERSION = YES;
				GCC_WARN_ABOUT_RETURN_TYPE = YES_ERROR;
				GCC_WARN_UNDECLARED_SELECTOR = YES;
				GCC_WARN_UNINITIALIZED_AUTOS = YES_AGGRESSIVE;
				GCC_WARN_UNUSED_FUNCTION = YES;
				GCC_WARN_UNUSED_VARIABLE = YES;
				IPHONEOS_DEPLOYMENT_TARGET = 15.5;
				MTL_ENABLE_DEBUG_INFO = NO;
				MTL_FAST_MATH = YES;
				SDKROOT = iphoneos;
				SWIFT_COMPILATION_MODE = wholemodule;
				SWIFT_OPTIMIZATION_LEVEL = "-O";
				VALIDATE_PRODUCT = YES;
			};
			name = Release;
		};
		82D267BD28CE3A0A00A9A941 /* Debug */ = {
			isa = XCBuildConfiguration;
			buildSettings = {
				ASSETCATALOG_COMPILER_APPICON_NAME = AppIcon;
				ASSETCATALOG_COMPILER_GLOBAL_ACCENT_COLOR_NAME = AccentColor;
				CODE_SIGN_STYLE = Automatic;
				CURRENT_PROJECT_VERSION = 1;
				DEVELOPMENT_ASSET_PATHS = "\"HeckerJobz/Preview Content\"";
				DEVELOPMENT_TEAM = 7V4G822WB4;
				ENABLE_PREVIEWS = YES;
				GENERATE_INFOPLIST_FILE = YES;
				INFOPLIST_KEY_UIApplicationSceneManifest_Generation = YES;
				INFOPLIST_KEY_UIApplicationSupportsIndirectInputEvents = YES;
				INFOPLIST_KEY_UILaunchScreen_Generation = YES;
				INFOPLIST_KEY_UISupportedInterfaceOrientations_iPad = "UIInterfaceOrientationPortrait UIInterfaceOrientationPortraitUpsideDown UIInterfaceOrientationLandscapeLeft UIInterfaceOrientationLandscapeRight";
				INFOPLIST_KEY_UISupportedInterfaceOrientations_iPhone = "UIInterfaceOrientationPortrait UIInterfaceOrientationLandscapeLeft UIInterfaceOrientationLandscapeRight";
				LD_RUNPATH_SEARCH_PATHS = (
					"$(inherited)",
					"@executable_path/Frameworks",
				);
				MARKETING_VERSION = 1.0;
				PRODUCT_BUNDLE_IDENTIFIER = Avi.HeckerJobz;
				PRODUCT_NAME = "$(TARGET_NAME)";
				SWIFT_EMIT_LOC_STRINGS = YES;
				SWIFT_VERSION = 5.0;
				TARGETED_DEVICE_FAMILY = "1,2";
			};
			name = Debug;
		};
		82D267BE28CE3A0A00A9A941 /* Release */ = {
			isa = XCBuildConfiguration;
			buildSettings = {
				ASSETCATALOG_COMPILER_APPICON_NAME = AppIcon;
				ASSETCATALOG_COMPILER_GLOBAL_ACCENT_COLOR_NAME = AccentColor;
				CODE_SIGN_STYLE = Automatic;
				CURRENT_PROJECT_VERSION = 1;
				DEVELOPMENT_ASSET_PATHS = "\"HeckerJobz/Preview Content\"";
				DEVELOPMENT_TEAM = 7V4G822WB4;
				ENABLE_PREVIEWS = YES;
				GENERATE_INFOPLIST_FILE = YES;
				INFOPLIST_KEY_UIApplicationSceneManifest_Generation = YES;
				INFOPLIST_KEY_UIApplicationSupportsIndirectInputEvents = YES;
				INFOPLIST_KEY_UILaunchScreen_Generation = YES;
				INFOPLIST_KEY_UISupportedInterfaceOrientations_iPad = "UIInterfaceOrientationPortrait UIInterfaceOrientationPortraitUpsideDown UIInterfaceOrientationLandscapeLeft UIInterfaceOrientationLandscapeRight";
				INFOPLIST_KEY_UISupportedInterfaceOrientations_iPhone = "UIInterfaceOrientationPortrait UIInterfaceOrientationLandscapeLeft UIInterfaceOrientationLandscapeRight";
				LD_RUNPATH_SEARCH_PATHS = (
					"$(inherited)",
					"@executable_path/Frameworks",
				);
				MARKETING_VERSION = 1.0;
				PRODUCT_BUNDLE_IDENTIFIER = Avi.HeckerJobz;
				PRODUCT_NAME = "$(TARGET_NAME)";
				SWIFT_EMIT_LOC_STRINGS = YES;
				SWIFT_VERSION = 5.0;
				TARGETED_DEVICE_FAMILY = "1,2";
			};
			name = Release;
		};
/* End XCBuildConfiguration section */

/* Begin XCConfigurationList section */
		82D267A928CE3A0800A9A941 /* Build configuration list for PBXProject "HeckerJobz" */ = {
			isa = XCConfigurationList;
			buildConfigurations = (
				82D267BA28CE3A0A00A9A941 /* Debug */,
				82D267BB28CE3A0A00A9A941 /* Release */,
			);
			defaultConfigurationIsVisible = 0;
			defaultConfigurationName = Release;
		};
		82D267BC28CE3A0A00A9A941 /* Build configuration list for PBXNativeTarget "HeckerJobz" */ = {
			isa = XCConfigurationList;
			buildConfigurations = (
				82D267BD28CE3A0A00A9A941 /* Debug */,
				82D267BE28CE3A0A00A9A941 /* Release */,
			);
			defaultConfigurationIsVisible = 0;
			defaultConfigurationName = Release;
		};
/* End XCConfigurationList section */
	};
	rootObject = 82D267A628CE3A0800A9A941 /* Project object */;
}
